
Microsoft Visual Studio Solution File, Format Version 12.00
# Visual Studio Version 17
VisualStudioVersion = 17.1.32328.378
MinimumVisualStudioVersion = 10.0.40219.1
Project("{FAE04EC0-301F-11D3-BF4B-00C04F79EFBC}") = "CarStickersConverter", "CarStickersConverter.csproj", "{0A3B93B4-EEB0-4FE6-B15D-D8E2DFEBB75A}"
EndProject
Global
	GlobalSection(SolutionConfigurationPlatforms) = preSolution
		Debug|Any CPU = Debug|Any CPU
		Release|Any CPU = Release|Any CPU
	EndGlobalSection
	GlobalSection(ProjectConfigurationPlatforms) = postSolution
		{0A3B93B4-EEB0-4FE6-B15D-D8E2DFEBB75A}.Debug|Any CPU.ActiveCfg = Debug|Any CPU
		{0A3B93B4-EEB0-4FE6-B15D-D8E2DFEBB75A}.Debug|Any CPU.Build.0 = Debug|Any CPU
		{0A3B93B4-EEB0-4FE6-B15D-D8E2DFEBB75A}.Release|Any CPU.ActiveCfg = Release|Any CPU
		{0A3B93B4-EEB0-4FE6-B15D-D8E2DFEBB75A}.Release|Any CPU.Build.0 = Release|Any CPU
	EndGlobalSection
	GlobalSection(SolutionProperties) = preSolution
		HideSolutionNode = FALSE
	EndGlobalSection
	GlobalSection(ExtensibilityGlobals) = postSolution
		SolutionGuid = {8CAEBF44-73F5-4910-8B54-1EFFB98B9BB6}
	EndGlobalSection
EndGlobal
